
Microsoft Visual Studio Solution File, Format Version 12.00
# Visual Studio 2012
Project("{FAE04EC0-301F-11D3-BF4B-00C04F79EFBC}") = "BookStore", "BookStore\BookStore.csproj", "{66611B33-E2E9-491C-8D63-7AC6E96911EE}"
EndProject
Global
	GlobalSection(SolutionConfigurationPlatforms) = preSolution
		Debug|iPhoneSimulator = Debug|iPhoneSimulator
		Release|iPhone = Release|iPhone
		Release|iPhoneSimulator = Release|iPhoneSimulator
		Debug|iPhone = Debug|iPhone
	EndGlobalSection
	GlobalSection(ProjectConfigurationPlatforms) = postSolution
		{66611B33-E2E9-491C-8D63-7AC6E96911EE}.Debug|iPhoneSimulator.ActiveCfg = Debug|iPhoneSimulator
		{66611B33-E2E9-491C-8D63-7AC6E96911EE}.Debug|iPhoneSimulator.Build.0 = Debug|iPhoneSimulator
		{66611B33-E2E9-491C-8D63-7AC6E96911EE}.Release|iPhone.ActiveCfg = Release|iPhone
		{66611B33-E2E9-491C-8D63-7AC6E96911EE}.Release|iPhone.Build.0 = Release|iPhone
		{66611B33-E2E9-491C-8D63-7AC6E96911EE}.Release|iPhoneSimulator.ActiveCfg = Release|iPhoneSimulator
		{66611B33-E2E9-491C-8D63-7AC6E96911EE}.Release|iPhoneSimulator.Build.0 = Release|iPhoneSimulator
		{66611B33-E2E9-491C-8D63-7AC6E96911EE}.Debug|iPhone.ActiveCfg = Debug|iPhone
		{66611B33-E2E9-491C-8D63-7AC6E96911EE}.Debug|iPhone.Build.0 = Debug|iPhone
	EndGlobalSection
EndGlobal
